# THIS IS AN AUTOGENERATED FILE. DO NOT EDIT THIS FILE DIRECTLY.
# yarn lockfile v1


compass-mixins@^0.12.10:
  version "0.12.10"
  resolved "https://registry.yarnpkg.com/compass-mixins/-/compass-mixins-0.12.10.tgz#cd9f15f829c4e960cc43bb226f049b28beb99d41"
  integrity sha1-zZ8V+CnE6WDMQ7sibwSbKL65nUE=
