# THIS IS AN AUTOGENERATED FILE. DO NOT EDIT THIS FILE DIRECTLY.
# yarn lockfile v1


chokidar@^4.0.0:
  version "4.0.1"
  resolved "https://registry.yarnpkg.com/chokidar/-/chokidar-4.0.1.tgz#4a6dff66798fb0f72a94f616abbd7e1a19f31d41"
  integrity sha512-n8enUVCED/KVRQlab1hr3MVpcVMvxtZjmEa956u+4YijlmQED223XMSYj2tLuKvr4jcCTzNNMpQDUer72MMmzA==
  dependencies:
    readdirp "^4.0.1"

compass-mixins@^0.12.12:
  version "0.12.12"
  resolved "https://registry.yarnpkg.com/compass-mixins/-/compass-mixins-0.12.12.tgz#95e8219267e02c3f27b540bff764d2ad68258bd0"
  integrity sha512-wlTxz4lsIv/3o+rdyBOTZpQFFJeWPCRlYClaEXcaFe6QrAJ5qibTAgH53LyjfGQL6mmebTfjVHM0hLsxjGj+fw==

immutable@^4.0.0:
  version "4.3.7"
  resolved "https://registry.yarnpkg.com/immutable/-/immutable-4.3.7.tgz#c70145fc90d89fb02021e65c84eb0226e4e5a381"
  integrity sha512-1hqclzwYwjRDFLjcFxOM5AYkkG0rpFPpr1RLPMEuGczoS7YA8gLhy8SWXYRAA/XwfEHpfo3cw5JGioS32fnMRw==

readdirp@^4.0.1:
  version "4.0.2"
  resolved "https://registry.yarnpkg.com/readdirp/-/readdirp-4.0.2.tgz#388fccb8b75665da3abffe2d8f8ed59fe74c230a"
  integrity sha512-yDMz9g+VaZkqBYS/ozoBJwaBhTbZo3UNYQHNRw1D3UFQB8oHB4uS/tAODO+ZLjGWmUbKnIlOWO+aaIiAxrUWHA==

sass-migrator@^2.0.3:
  version "2.1.0"
  resolved "https://registry.yarnpkg.com/sass-migrator/-/sass-migrator-2.1.0.tgz#930d4c6292513fc788522436484b7917715a55e8"
  integrity sha512-T9CAoQiAPUluwVnhey07B2vbY4t9eNs7q1RS9XkPYFbQ6+GWbegHfY1rJ4XdDjtB/zz/8tMHv2ffPcZzQp1Xtw==

sass@^1.69.4:
  version "1.79.4"
  resolved "https://registry.yarnpkg.com/sass/-/sass-1.79.4.tgz#f9c45af35fbeb53d2c386850ec842098d9935267"
  integrity sha512-K0QDSNPXgyqO4GZq2HO5Q70TLxTH6cIT59RdoCHMivrC8rqzaTw5ab9prjz9KUN1El4FLXrBXJhik61JR4HcGg==
  dependencies:
    chokidar "^4.0.0"
    immutable "^4.0.0"
    source-map-js ">=0.6.2 <2.0.0"

"source-map-js@>=0.6.2 <2.0.0":
  version "1.2.1"
  resolved "https://registry.yarnpkg.com/source-map-js/-/source-map-js-1.2.1.tgz#1ce5650fddd87abc099eda37dcff024c2667ae46"
  integrity sha512-UXWMKhLOwVKb728IUtQPXxfYU+usdybtUrK/8uGE8CQMvrhOpwvzDBwj0QhSL7MQc7vIsISBG8VQ8+IDQxpfQA==
